
Microsoft Visual Studio Solution File, Format Version 12.00
# Visual Studio Version 17
VisualStudioVersion = 17.5.33530.505
MinimumVisualStudioVersion = 10.0.40219.1
Project("{9A19103F-16F7-4668-BE54-9A1E7A4F7556}") = "MainApp", "MainApp.csproj", "{40CDD8E6-FC65-470A-93FE-8BEEBC68D5EB}"
EndProject
Project("{9A19103F-16F7-4668-BE54-9A1E7A4F7556}") = "Test.MainApp", "..\Test.MainApp\Test.MainApp.csproj", "{6D445CD2-19CC-4FB0-99A1-F6C0A97F70AC}"
EndProject
Project("{2150E333-8FDC-42A3-9474-1A3956D46DE8}") = "Solution Items", "Solution Items", "{5EDFA75A-DFDE-47D0-98CC-300E98A17AFA}"
	ProjectSection(SolutionItems) = preProject
		readme.rd = readme.rd
	EndProjectSection
EndProject
Global
	GlobalSection(SolutionConfigurationPlatforms) = preSolution
		Debug|Any CPU = Debug|Any CPU
		Release|Any CPU = Release|Any CPU
	EndGlobalSection
	GlobalSection(ProjectConfigurationPlatforms) = postSolution
		{40CDD8E6-FC65-470A-93FE-8BEEBC68D5EB}.Debug|Any CPU.ActiveCfg = Debug|Any CPU
		{40CDD8E6-FC65-470A-93FE-8BEEBC68D5EB}.Debug|Any CPU.Build.0 = Debug|Any CPU
		{40CDD8E6-FC65-470A-93FE-8BEEBC68D5EB}.Release|Any CPU.ActiveCfg = Release|Any CPU
		{40CDD8E6-FC65-470A-93FE-8BEEBC68D5EB}.Release|Any CPU.Build.0 = Release|Any CPU
		{6D445CD2-19CC-4FB0-99A1-F6C0A97F70AC}.Debug|Any CPU.ActiveCfg = Debug|Any CPU
		{6D445CD2-19CC-4FB0-99A1-F6C0A97F70AC}.Debug|Any CPU.Build.0 = Debug|Any CPU
		{6D445CD2-19CC-4FB0-99A1-F6C0A97F70AC}.Release|Any CPU.ActiveCfg = Release|Any CPU
		{6D445CD2-19CC-4FB0-99A1-F6C0A97F70AC}.Release|Any CPU.Build.0 = Release|Any CPU
	EndGlobalSection
	GlobalSection(SolutionProperties) = preSolution
		HideSolutionNode = FALSE
	EndGlobalSection
	GlobalSection(ExtensibilityGlobals) = postSolution
		SolutionGuid = {C2E1C2E7-98EE-4DDD-9BE3-D5A4C3700855}
	EndGlobalSection
EndGlobal
